PODS:
  - Alamofire (5.2.0)
  - SDWebImage (5.8.0):
    - SDWebImage/Core (= 5.8.0)
  - SDWebImage/Core (5.8.0)
  - SwiftyJSON (5.0.0)

DEPENDENCIES:
  - Alamofire (~> 5.2)
  - SDWebImage
  - SwiftyJSON

SPEC REPOS:
  trunk:
    - Alamofire
    - SDWebImage
    - SwiftyJSON

SPEC CHECKSUMS:
  Alamofire: c1ca147559e730bfb2182c8c7aafbdd90a867987
  SDWebImage: 84000f962cbfa70c07f19d2234cbfcf5d779b5dc
  SwiftyJSON: 36413e04c44ee145039d332b4f4e2d3e8d6c4db7

PODFILE CHECKSUM: b7ec0e81b18f073f481e8bb022bdbd79d5907f62

COCOAPODS: 1.9.1
